github.com/thebanri/limoni v0.9.2 h1:XnnDXgOcGZ+ypIlnA6eFIML6ZupKn9ba+VJ4xXONT+4=
github.com/thebanri/limoni v0.9.2/go.mod h1:aHH0MYLRJrv8GBKn0HPI68H3KSTdgu6MHqBfkvXWZVA=
golang.org/x/sys v0.47.0 h1:o7XGOvZQCADBQQ4Y7VNq2dRWQR7JmOUW8Kxx4ZsNgWs=
golang.org/x/sys v0.47.0/go.mod h1:4GL1E5IUh+htKOUEOaiffhrAeqysfVGipDYzABqnCmw=
